// !$*UTF8*$!
{
	archiveVersion = 1;
	classes = {
	};
	objectVersion = 56;
	objects = {

/* Begin PBXBuildFile section */
		E2C660E32B0D9888000C8E49 /* AppDelegate.swift in Sources */ = {isa = PBXBuildFile; fileRef = E2C660E22B0D9888000C8E49 /* AppDelegate.swift */; };
		E2C660E52B0D9888000C8E49 /* SceneDelegate.swift in Sources */ = {isa = PBXBuildFile; fileRef = E2C660E42B0D9888000C8E49 /* SceneDelegate.swift */; };
		E2C660E72B0D9888000C8E49 /* WeatherViewController.swift in Sources */ = {isa = PBXBuildFile; fileRef = E2C660E62B0D9888000C8E49 /* WeatherViewController.swift */; };
		E2C660EC2B0D988A000C8E49 /* Assets.xcassets in Resources */ = {isa = PBXBuildFile; fileRef = E2C660EB2B0D988A000C8E49 /* Assets.xcassets */; };
		E2C660EF2B0D988A000C8E49 /* LaunchScreen.storyboard in Resources */ = {isa = PBXBuildFile; fileRef = E2C660ED2B0D988A000C8E49 /* LaunchScreen.storyboard */; };
		E2C660FE2B0D9D7F000C8E49 /* LocationManager.swift in Sources */ = {isa = PBXBuildFile; fileRef = E2C660FD2B0D9D7F000C8E49 /* LocationManager.swift */; };
		E2C661002B0D9D91000C8E49 /* IAPManager.swift in Sources */ = {isa = PBXBuildFile; fileRef = E2C660FF2B0D9D91000C8E49 /* IAPManager.swift */; };
		E2C661022B0D9DA4000C8E49 /* WeatherManager.swift in Sources */ = {isa = PBXBuildFile; fileRef = E2C661012B0D9DA4000C8E49 /* WeatherManager.swift */; };
		E2C661042B0DA095000C8E49 /* SettingsViewController.swift in Sources */ = {isa = PBXBuildFile; fileRef = E2C661032B0DA095000C8E49 /* SettingsViewController.swift */; };
		E2C661062B0DA0BE000C8E49 /* TabViewController.swift in Sources */ = {isa = PBXBuildFile; fileRef = E2C661052B0DA0BE000C8E49 /* TabViewController.swift */; };
/* End PBXBuildFile section */

/* Begin PBXFileReference section */
		E2C660DF2B0D9888000C8E49 /* weathersky.app */ = {isa = PBXFileReference; explicitFileType = wrapper.application; includeInIndex = 0; path = weathersky.app; sourceTree = BUILT_PRODUCTS_DIR; };
		E2C660E22B0D9888000C8E49 /* AppDelegate.swift */ = {isa = PBXFileReference; lastKnownFileType = sourcecode.swift; path = AppDelegate.swift; sourceTree = "<group>"; };
		E2C660E42B0D9888000C8E49 /* SceneDelegate.swift */ = {isa = PBXFileReference; lastKnownFileType = sourcecode.swift; path = SceneDelegate.swift; sourceTree = "<group>"; };
		E2C660E62B0D9888000C8E49 /* WeatherViewController.swift */ = {isa = PBXFileReference; lastKnownFileType = sourcecode.swift; path = WeatherViewController.swift; sourceTree = "<group>"; };
		E2C660EB2B0D988A000C8E49 /* Assets.xcassets */ = {isa = PBXFileReference; lastKnownFileType = folder.assetcatalog; path = Assets.xcassets; sourceTree = "<group>"; };
		E2C660EE2B0D988A000C8E49 /* Base */ = {isa = PBXFileReference; lastKnownFileType = file.storyboard; name = Base; path = Base.lproj/LaunchScreen.storyboard; sourceTree = "<group>"; };
		E2C660F02B0D988A000C8E49 /* Info.plist */ = {isa = PBXFileReference; lastKnownFileType = text.plist.xml; path = Info.plist; sourceTree = "<group>"; };
		E2C660F62B0D99C3000C8E49 /* weathersky.entitlements */ = {isa = PBXFileReference; lastKnownFileType = text.plist.entitlements; path = weathersky.entitlements; sourceTree = "<group>"; };
		E2C660FD2B0D9D7F000C8E49 /* LocationManager.swift */ = {isa = PBXFileReference; lastKnownFileType = sourcecode.swift; path = LocationManager.swift; sourceTree = "<group>"; };
		E2C660FF2B0D9D91000C8E49 /* IAPManager.swift */ = {isa = PBXFileReference; lastKnownFileType = sourcecode.swift; path = IAPManager.swift; sourceTree = "<group>"; };
		E2C661012B0D9DA4000C8E49 /* WeatherManager.swift */ = {isa = PBXFileReference; lastKnownFileType = sourcecode.swift; path = WeatherManager.swift; sourceTree = "<group>"; };
		E2C661032B0DA095000C8E49 /* SettingsViewController.swift */ = {isa = PBXFileReference; lastKnownFileType = sourcecode.swift; path = SettingsViewController.swift; sourceTree = "<group>"; };
		E2C661052B0DA0BE000C8E49 /* TabViewController.swift */ = {isa = PBXFileReference; lastKnownFileType = sourcecode.swift; path = TabViewController.swift; sourceTree = "<group>"; };
/* End PBXFileReference section */

/* Begin PBXFrameworksBuildPhase section */
		E2C660DC2B0D9888000C8E49 /* Frameworks */ = {
			isa = PBXFrameworksBuildPhase;
			buildActionMask = 2147483647;
			files = (
			);
			runOnlyForDeploymentPostprocessing = 0;
		};
/* End PBXFrameworksBuildPhase section */

/* Begin PBXGroup section */
		E2C660D62B0D9888000C8E49 = {
			isa = PBXGroup;
			children = (
				E2C660E12B0D9888000C8E49 /* weathersky */,
				E2C660E02B0D9888000C8E49 /* Products */,
			);
			sourceTree = "<group>";
		};
		E2C660E02B0D9888000C8E49 /* Products */ = {
			isa = PBXGroup;
			children = (
				E2C660DF2B0D9888000C8E49 /* weathersky.app */,
			);
			name = Products;
			sourceTree = "<group>";
		};
		E2C660E12B0D9888000C8E49 /* weathersky */ = {
			isa = PBXGroup;
			children = (
				E2C660FC2B0D9D4C000C8E49 /* Managers */,
				E2C660FB2B0D9D23000C8E49 /* Other */,
				E2C660FA2B0D9D1B000C8E49 /* Controllers */,
				E2C660F92B0D9D02000C8E49 /* Models */,
				E2C660F82B0D9CFA000C8E49 /* ViewModels */,
				E2C660F72B0D9CF5000C8E49 /* Views */,
				E2C660F62B0D99C3000C8E49 /* weathersky.entitlements */,
				E2C660F02B0D988A000C8E49 /* Info.plist */,
			);
			path = weathersky;
			sourceTree = "<group>";
		};
		E2C660F72B0D9CF5000C8E49 /* Views */ = {
			isa = PBXGroup;
			children = (
			);
			path = Views;
			sourceTree = "<group>";
		};
		E2C660F82B0D9CFA000C8E49 /* ViewModels */ = {
			isa = PBXGroup;
			children = (
			);
			path = ViewModels;
			sourceTree = "<group>";
		};
		E2C660F92B0D9D02000C8E49 /* Models */ = {
			isa = PBXGroup;
			children = (
			);
			path = Models;
			sourceTree = "<group>";
		};
		E2C660FA2B0D9D1B000C8E49 /* Controllers */ = {
			isa = PBXGroup;
			children = (
				E2C660E62B0D9888000C8E49 /* WeatherViewController.swift */,
				E2C661032B0DA095000C8E49 /* SettingsViewController.swift */,
				E2C661052B0DA0BE000C8E49 /* TabViewController.swift */,
			);
			path = Controllers;
			sourceTree = "<group>";
		};
		E2C660FB2B0D9D23000C8E49 /* Other */ = {
			isa = PBXGroup;
			children = (
				E2C660EB2B0D988A000C8E49 /* Assets.xcassets */,
				E2C660ED2B0D988A000C8E49 /* LaunchScreen.storyboard */,
				E2C660E22B0D9888000C8E49 /* AppDelegate.swift */,
				E2C660E42B0D9888000C8E49 /* SceneDelegate.swift */,
			);
			path = Other;
			sourceTree = "<group>";
		};
		E2C660FC2B0D9D4C000C8E49 /* Managers */ = {
			isa = PBXGroup;
			children = (
				E2C660FD2B0D9D7F000C8E49 /* LocationManager.swift */,
				E2C660FF2B0D9D91000C8E49 /* IAPManager.swift */,
				E2C661012B0D9DA4000C8E49 /* WeatherManager.swift */,
			);
			path = Managers;
			sourceTree = "<group>";
		};
/* End PBXGroup section */

/* Begin PBXNativeTarget section */
		E2C660DE2B0D9888000C8E49 /* weathersky */ = {
			isa = PBXNativeTarget;
			buildConfigurationList = E2C660F32B0D988A000C8E49 /* Build configuration list for PBXNativeTarget "weathersky" */;
			buildPhases = (
				E2C660DB2B0D9888000C8E49 /* Sources */,
				E2C660DC2B0D9888000C8E49 /* Frameworks */,
				E2C660DD2B0D9888000C8E49 /* Resources */,
			);
			buildRules = (
			);
			dependencies = (
			);
			name = weathersky;
			productName = weathersky;
			productReference = E2C660DF2B0D9888000C8E49 /* weathersky.app */;
			productType = "com.apple.product-type.application";
		};
/* End PBXNativeTarget section */

/* Begin PBXProject section */
		E2C660D72B0D9888000C8E49 /* Project object */ = {
			isa = PBXProject;
			attributes = {
				BuildIndependentTargetsInParallel = 1;
				LastSwiftUpdateCheck = 1500;
				LastUpgradeCheck = 1500;
				TargetAttributes = {
					E2C660DE2B0D9888000C8E49 = {
						CreatedOnToolsVersion = 15.0;
					};
				};
			};
			buildConfigurationList = E2C660DA2B0D9888000C8E49 /* Build configuration list for PBXProject "weathersky" */;
			compatibilityVersion = "Xcode 14.0";
			developmentRegion = en;
			hasScannedForEncodings = 0;
			knownRegions = (
				en,
				Base,
			);
			mainGroup = E2C660D62B0D9888000C8E49;
			productRefGroup = E2C660E02B0D9888000C8E49 /* Products */;
			projectDirPath = "";
			projectRoot = "";
			targets = (
				E2C660DE2B0D9888000C8E49 /* weathersky */,
			);
		};
/* End PBXProject section */

/* Begin PBXResourcesBuildPhase section */
		E2C660DD2B0D9888000C8E49 /* Resources */ = {
			isa = PBXResourcesBuildPhase;
			buildActionMask = 2147483647;
			files = (
				E2C660EF2B0D988A000C8E49 /* LaunchScreen.storyboard in Resources */,
				E2C660EC2B0D988A000C8E49 /* Assets.xcassets in Resources */,
			);
			runOnlyForDeploymentPostprocessing = 0;
		};
/* End PBXResourcesBuildPhase section */

/* Begin PBXSourcesBuildPhase section */
		E2C660DB2B0D9888000C8E49 /* Sources */ = {
			isa = PBXSourcesBuildPhase;
			buildActionMask = 2147483647;
			files = (
				E2C661062B0DA0BE000C8E49 /* TabViewController.swift in Sources */,
				E2C661022B0D9DA4000C8E49 /* WeatherManager.swift in Sources */,
				E2C660FE2B0D9D7F000C8E49 /* LocationManager.swift in Sources */,
				E2C661042B0DA095000C8E49 /* SettingsViewController.swift in Sources */,
				E2C661002B0D9D91000C8E49 /* IAPManager.swift in Sources */,
				E2C660E72B0D9888000C8E49 /* WeatherViewController.swift in Sources */,
				E2C660E32B0D9888000C8E49 /* AppDelegate.swift in Sources */,
				E2C660E52B0D9888000C8E49 /* SceneDelegate.swift in Sources */,
			);
			runOnlyForDeploymentPostprocessing = 0;
		};
/* End PBXSourcesBuildPhase section */

/* Begin PBXVariantGroup section */
		E2C660ED2B0D988A000C8E49 /* LaunchScreen.storyboard */ = {
			isa = PBXVariantGroup;
			children = (
				E2C660EE2B0D988A000C8E49 /* Base */,
			);
			name = LaunchScreen.storyboard;
			sourceTree = "<group>";
		};
/* End PBXVariantGroup section */

/* Begin XCBuildConfiguration section */
		E2C660F12B0D988A000C8E49 /* Debug */ = {
			isa = XCBuildConfiguration;
			buildSettings = {
				ALWAYS_SEARCH_USER_PATHS = NO;
				ASSETCATALOG_COMPILER_GENERATE_SWIFT_ASSET_SYMBOL_EXTENSIONS = YES;
				CLANG_ANALYZER_NONNULL = YES;
				CLANG_ANALYZER_NUMBER_OBJECT_CONVERSION = YES_AGGRESSIVE;
				CLANG_CXX_LANGUAGE_STANDARD = "gnu++20";
				CLANG_ENABLE_MODULES = YES;
				CLANG_ENABLE_OBJC_ARC = YES;
				CLANG_ENABLE_OBJC_WEAK = YES;
				CLANG_WARN_BLOCK_CAPTURE_AUTORELEASING = YES;
				CLANG_WARN_BOOL_CONVERSION = YES;
				CLANG_WARN_COMMA = YES;
				CLANG_WARN_CONSTANT_CONVERSION = YES;
				CLANG_WARN_DEPRECATED_OBJC_IMPLEMENTATIONS = YES;
				CLANG_WARN_DIRECT_OBJC_ISA_USAGE = YES_ERROR;
				CLANG_WARN_DOCUMENTATION_COMMENTS = YES;
				CLANG_WARN_EMPTY_BODY = YES;
				CLANG_WARN_ENUM_CONVERSION = YES;
				CLANG_WARN_INFINITE_RECURSION = YES;
				CLANG_WARN_INT_CONVERSION = YES;
				CLANG_WARN_NON_LITERAL_NULL_CONVERSION = YES;
				CLANG_WARN_OBJC_IMPLICIT_RETAIN_SELF = YES;
				CLANG_WARN_OBJC_LITERAL_CONVERSION = YES;
				CLANG_WARN_OBJC_ROOT_CLASS = YES_ERROR;
				CLANG_WARN_QUOTED_INCLUDE_IN_FRAMEWORK_HEADER = YES;
				CLANG_WARN_RANGE_LOOP_ANALYSIS = YES;
				CLANG_WARN_STRICT_PROTOTYPES = YES;
				CLANG_WARN_SUSPICIOUS_MOVE = YES;
				CLANG_WARN_UNGUARDED_AVAILABILITY = YES_AGGRESSIVE;
				CLANG_WARN_UNREACHABLE_CODE = YES;
				CLANG_WARN__DUPLICATE_METHOD_MATCH = YES;
				COPY_PHASE_STRIP = NO;
				DEBUG_INFORMATION_FORMAT = dwarf;
				ENABLE_STRICT_OBJC_MSGSEND = YES;
				ENABLE_TESTABILITY = YES;
				ENABLE_USER_SCRIPT_SANDBOXING = YES;
				GCC_C_LANGUAGE_STANDARD = gnu17;
				GCC_DYNAMIC_NO_PIC = NO;
				GCC_NO_COMMON_BLOCKS = YES;
				GCC_OPTIMIZATION_LEVEL = 0;
				GCC_PREPROCESSOR_DEFINITIONS = (
					"DEBUG=1",
					"$(inherited)",
				);
				GCC_WARN_64_TO_32_BIT_CONVERSION = YES;
				GCC_WARN_ABOUT_RETURN_TYPE = YES_ERROR;
				GCC_WARN_UNDECLARED_SELECTOR = YES;
				GCC_WARN_UNINITIALIZED_AUTOS = YES_AGGRESSIVE;
				GCC_WARN_UNUSED_FUNCTION = YES;
				GCC_WARN_UNUSED_VARIABLE = YES;
				IPHONEOS_DEPLOYMENT_TARGET = 17.0;
				LOCALIZATION_PREFERS_STRING_CATALOGS = YES;
				MTL_ENABLE_DEBUG_INFO = INCLUDE_SOURCE;
				MTL_FAST_MATH = YES;
				ONLY_ACTIVE_ARCH = YES;
				SDKROOT = iphoneos;
				SWIFT_ACTIVE_COMPILATION_CONDITIONS = "DEBUG $(inherited)";
				SWIFT_OPTIMIZATION_LEVEL = "-Onone";
			};
			name = Debug;
		};
		E2C660F22B0D988A000C8E49 /* Release */ = {
			isa = XCBuildConfiguration;
			buildSettings = {
				ALWAYS_SEARCH_USER_PATHS = NO;
				ASSETCATALOG_COMPILER_GENERATE_SWIFT_ASSET_SYMBOL_EXTENSIONS = YES;
				CLANG_ANALYZER_NONNULL = YES;
				CLANG_ANALYZER_NUMBER_OBJECT_CONVERSION = YES_AGGRESSIVE;
				CLANG_CXX_LANGUAGE_STANDARD = "gnu++20";
				CLANG_ENABLE_MODULES = YES;
				CLANG_ENABLE_OBJC_ARC = YES;
				CLANG_ENABLE_OBJC_WEAK = YES;
				CLANG_WARN_BLOCK_CAPTURE_AUTORELEASING = YES;
				CLANG_WARN_BOOL_CONVERSION = YES;
				CLANG_WARN_COMMA = YES;
				CLANG_WARN_CONSTANT_CONVERSION = YES;
				CLANG_WARN_DEPRECATED_OBJC_IMPLEMENTATIONS = YES;
				CLANG_WARN_DIRECT_OBJC_ISA_USAGE = YES_ERROR;
				CLANG_WARN_DOCUMENTATION_COMMENTS = YES;
				CLANG_WARN_EMPTY_BODY = YES;
				CLANG_WARN_ENUM_CONVERSION = YES;
				CLANG_WARN_INFINITE_RECURSION = YES;
				CLANG_WARN_INT_CONVERSION = YES;
				CLANG_WARN_NON_LITERAL_NULL_CONVERSION = YES;
				CLANG_WARN_OBJC_IMPLICIT_RETAIN_SELF = YES;
				CLANG_WARN_OBJC_LITERAL_CONVERSION = YES;
				CLANG_WARN_OBJC_ROOT_CLASS = YES_ERROR;
				CLANG_WARN_QUOTED_INCLUDE_IN_FRAMEWORK_HEADER = YES;
				CLANG_WARN_RANGE_LOOP_ANALYSIS = YES;
				CLANG_WARN_STRICT_PROTOTYPES = YES;
				CLANG_WARN_SUSPICIOUS_MOVE = YES;
				CLANG_WARN_UNGUARDED_AVAILABILITY = YES_AGGRESSIVE;
				CLANG_WARN_UNREACHABLE_CODE = YES;
				CLANG_WARN__DUPLICATE_METHOD_MATCH = YES;
				COPY_PHASE_STRIP = NO;
				DEBUG_INFORMATION_FORMAT = "dwarf-with-dsym";
				ENABLE_NS_ASSERTIONS = NO;
				ENABLE_STRICT_OBJC_MSGSEND = YES;
				ENABLE_USER_SCRIPT_SANDBOXING = YES;
				GCC_C_LANGUAGE_STANDARD = gnu17;
				GCC_NO_COMMON_BLOCKS = YES;
				GCC_WARN_64_TO_32_BIT_CONVERSION = YES;
				GCC_WARN_ABOUT_RETURN_TYPE = YES_ERROR;
				GCC_WARN_UNDECLARED_SELECTOR = YES;
				GCC_WARN_UNINITIALIZED_AUTOS = YES_AGGRESSIVE;
				GCC_WARN_UNUSED_FUNCTION = YES;
				GCC_WARN_UNUSED_VARIABLE = YES;
				IPHONEOS_DEPLOYMENT_TARGET = 17.0;
				LOCALIZATION_PREFERS_STRING_CATALOGS = YES;
				MTL_ENABLE_DEBUG_INFO = NO;
				MTL_FAST_MATH = YES;
				SDKROOT = iphoneos;
				SWIFT_COMPILATION_MODE = wholemodule;
				VALIDATE_PRODUCT = YES;
			};
			name = Release;
		};
		E2C660F42B0D988A000C8E49 /* Debug */ = {
			isa = XCBuildConfiguration;
			buildSettings = {
				ASSETCATALOG_COMPILER_APPICON_NAME = AppIcon;
				ASSETCATALOG_COMPILER_GLOBAL_ACCENT_COLOR_NAME = AccentColor;
				CODE_SIGN_ENTITLEMENTS = weathersky/weathersky.entitlements;
				CODE_SIGN_STYLE = Automatic;
				CURRENT_PROJECT_VERSION = 1;
				DEVELOPMENT_TEAM = TNS44TZY6M;
				GENERATE_INFOPLIST_FILE = YES;
				INFOPLIST_FILE = weathersky/Info.plist;
				INFOPLIST_KEY_UIApplicationSupportsIndirectInputEvents = YES;
				INFOPLIST_KEY_UILaunchStoryboardName = LaunchScreen;
				INFOPLIST_KEY_UISupportedInterfaceOrientations_iPad = "UIInterfaceOrientationPortrait UIInterfaceOrientationPortraitUpsideDown UIInterfaceOrientationLandscapeLeft UIInterfaceOrientationLandscapeRight";
				INFOPLIST_KEY_UISupportedInterfaceOrientations_iPhone = "UIInterfaceOrientationPortrait UIInterfaceOrientationLandscapeLeft UIInterfaceOrientationLandscapeRight";
				LD_RUNPATH_SEARCH_PATHS = (
					"$(inherited)",
					"@executable_path/Frameworks",
				);
				MARKETING_VERSION = 1.0;
				PRODUCT_BUNDLE_IDENTIFIER = com.example.weathersky;
				PRODUCT_NAME = "$(TARGET_NAME)";
				SWIFT_EMIT_LOC_STRINGS = YES;
				SWIFT_VERSION = 5.0;
				TARGETED_DEVICE_FAMILY = "1,2";
			};
			name = Debug;
		};
		E2C660F52B0D988A000C8E49 /* Release */ = {
			isa = XCBuildConfiguration;
			buildSettings = {
				ASSETCATALOG_COMPILER_APPICON_NAME = AppIcon;
				ASSETCATALOG_COMPILER_GLOBAL_ACCENT_COLOR_NAME = AccentColor;
				CODE_SIGN_ENTITLEMENTS = weathersky/weathersky.entitlements;
				CODE_SIGN_STYLE = Automatic;
				CURRENT_PROJECT_VERSION = 1;
				DEVELOPMENT_TEAM = TNS44TZY6M;
				GENERATE_INFOPLIST_FILE = YES;
				INFOPLIST_FILE = weathersky/Info.plist;
				INFOPLIST_KEY_UIApplicationSupportsIndirectInputEvents = YES;
				INFOPLIST_KEY_UILaunchStoryboardName = LaunchScreen;
				INFOPLIST_KEY_UISupportedInterfaceOrientations_iPad = "UIInterfaceOrientationPortrait UIInterfaceOrientationPortraitUpsideDown UIInterfaceOrientationLandscapeLeft UIInterfaceOrientationLandscapeRight";
				INFOPLIST_KEY_UISupportedInterfaceOrientations_iPhone = "UIInterfaceOrientationPortrait UIInterfaceOrientationLandscapeLeft UIInterfaceOrientationLandscapeRight";
				LD_RUNPATH_SEARCH_PATHS = (
					"$(inherited)",
					"@executable_path/Frameworks",
				);
				MARKETING_VERSION = 1.0;
				PRODUCT_BUNDLE_IDENTIFIER = com.example.weathersky;
				PRODUCT_NAME = "$(TARGET_NAME)";
				SWIFT_EMIT_LOC_STRINGS = YES;
				SWIFT_VERSION = 5.0;
				TARGETED_DEVICE_FAMILY = "1,2";
			};
			name = Release;
		};
/* End XCBuildConfiguration section */

/* Begin XCConfigurationList section */
		E2C660DA2B0D9888000C8E49 /* Build configuration list for PBXProject "weathersky" */ = {
			isa = XCConfigurationList;
			buildConfigurations = (
				E2C660F12B0D988A000C8E49 /* Debug */,
				E2C660F22B0D988A000C8E49 /* Release */,
			);
			defaultConfigurationIsVisible = 0;
			defaultConfigurationName = Release;
		};
		E2C660F32B0D988A000C8E49 /* Build configuration list for PBXNativeTarget "weathersky" */ = {
			isa = XCConfigurationList;
			buildConfigurations = (
				E2C660F42B0D988A000C8E49 /* Debug */,
				E2C660F52B0D988A000C8E49 /* Release */,
			);
			defaultConfigurationIsVisible = 0;
			defaultConfigurationName = Release;
		};
/* End XCConfigurationList section */
	};
	rootObject = E2C660D72B0D9888000C8E49 /* Project object */;
}
